// !$*UTF8*$!
{
	archiveVersion = 1;
	classes = {
	};
	objectVersion = 55;
	objects = {

/* Begin PBXBuildFile section */
		13C0C5E562D017305B522754 /* HorizontalPagerController.swift in Sources */ = {isa = PBXBuildFile; fileRef = 0EA538A1FAE276928450EC10 /* HorizontalPagerController.swift */; };
		3F899E5FCA9D079E77B8CAF9 /* DotLifeShell.swift in Sources */ = {isa = PBXBuildFile; fileRef = 128DD1642534DDE02027835D /* DotLifeShell.swift */; };
		84D66A03AC5FFED4B703174F /* DotLifeUI.framework in Frameworks */ = {isa = PBXBuildFile; fileRef = 7EC0FA23FC93E0A70907DC5B /* DotLifeUI.framework */; };
		AE949B5DF20CCC9F51818AA6 /* DirectionLock.swift in Sources */ = {isa = PBXBuildFile; fileRef = 7C791B4CB631F3B2EDD96A8E /* DirectionLock.swift */; };
		CD5AE24B6C4BF01F91CE7ADE /* DotLifeDomain.framework in Frameworks */ = {isa = PBXBuildFile; fileRef = EE9EB5F730EC2E538DA1ACA5 /* DotLifeDomain.framework */; };
		FA6526EAFAAA81F43F2EFFEC /* VerticalPagerController.swift in Sources */ = {isa = PBXBuildFile; fileRef = C81D63B22FC45E0306ABA757 /* VerticalPagerController.swift */; };
/* End PBXBuildFile section */

/* Begin PBXCopyFilesBuildPhase section */
		47EA812F9D5952E1D491B4B1 /* Embed Frameworks */ = {
			isa = PBXCopyFilesBuildPhase;
			buildActionMask = 2147483647;
			dstPath = "";
			dstSubfolderSpec = 10;
			files = (
			);
			name = "Embed Frameworks";
			runOnlyForDeploymentPostprocessing = 0;
		};
/* End PBXCopyFilesBuildPhase section */

/* Begin PBXFileReference section */
		07225B260ED5902A1D6988D5 /* DotLifeShell.framework */ = {isa = PBXFileReference; explicitFileType = wrapper.framework; includeInIndex = 0; path = DotLifeShell.framework; sourceTree = BUILT_PRODUCTS_DIR; };
		0EA538A1FAE276928450EC10 /* HorizontalPagerController.swift */ = {isa = PBXFileReference; lastKnownFileType = sourcecode.swift; path = HorizontalPagerController.swift; sourceTree = "<group>"; };
		128DD1642534DDE02027835D /* DotLifeShell.swift */ = {isa = PBXFileReference; lastKnownFileType = sourcecode.swift; path = DotLifeShell.swift; sourceTree = "<group>"; };
		7C791B4CB631F3B2EDD96A8E /* DirectionLock.swift */ = {isa = PBXFileReference; lastKnownFileType = sourcecode.swift; path = DirectionLock.swift; sourceTree = "<group>"; };
		7EA73C93BE81B460373BAE94 /* DotLifeShell-Info.plist */ = {isa = PBXFileReference; lastKnownFileType = text.plist; path = "DotLifeShell-Info.plist"; sourceTree = "<group>"; };
		7EC0FA23FC93E0A70907DC5B /* DotLifeUI.framework */ = {isa = PBXFileReference; explicitFileType = wrapper.framework; includeInIndex = 0; path = DotLifeUI.framework; sourceTree = BUILT_PRODUCTS_DIR; };
		C81D63B22FC45E0306ABA757 /* VerticalPagerController.swift */ = {isa = PBXFileReference; lastKnownFileType = sourcecode.swift; path = VerticalPagerController.swift; sourceTree = "<group>"; };
		EE9EB5F730EC2E538DA1ACA5 /* DotLifeDomain.framework */ = {isa = PBXFileReference; explicitFileType = wrapper.framework; includeInIndex = 0; path = DotLifeDomain.framework; sourceTree = BUILT_PRODUCTS_DIR; };
/* End PBXFileReference section */

/* Begin PBXFrameworksBuildPhase section */
		731DF04D6DCA98843EF69182 /* Frameworks */ = {
			isa = PBXFrameworksBuildPhase;
			buildActionMask = 2147483647;
			files = (
				CD5AE24B6C4BF01F91CE7ADE /* DotLifeDomain.framework in Frameworks */,
				84D66A03AC5FFED4B703174F /* DotLifeUI.framework in Frameworks */,
			);
			runOnlyForDeploymentPostprocessing = 0;
		};
/* End PBXFrameworksBuildPhase section */

/* Begin PBXGroup section */
		0D88AB743C4C2300DA8FBD1A = {
			isa = PBXGroup;
			children = (
				A875B9FAF0F1547A03EF21B2 /* Products */,
				E5C3703C021A1D3CDAC31495 /* Project */,
			);
			sourceTree = "<group>";
		};
		A0C9C8C98781A992D14FF1DD /* Derived */ = {
			isa = PBXGroup;
			children = (
				B40FCDB18A3B4C3DD1FDDD73 /* InfoPlists */,
			);
			path = Derived;
			sourceTree = "<group>";
		};
		A134D6276DB0368E94F6FD83 /* Sources */ = {
			isa = PBXGroup;
			children = (
				A941DCD806F3C50CFDC4E2D9 /* DotLifeShell */,
			);
			path = Sources;
			sourceTree = "<group>";
		};
		A875B9FAF0F1547A03EF21B2 /* Products */ = {
			isa = PBXGroup;
			children = (
				EE9EB5F730EC2E538DA1ACA5 /* DotLifeDomain.framework */,
				07225B260ED5902A1D6988D5 /* DotLifeShell.framework */,
				7EC0FA23FC93E0A70907DC5B /* DotLifeUI.framework */,
			);
			name = Products;
			sourceTree = "<group>";
		};
		A941DCD806F3C50CFDC4E2D9 /* DotLifeShell */ = {
			isa = PBXGroup;
			children = (
				7C791B4CB631F3B2EDD96A8E /* DirectionLock.swift */,
				128DD1642534DDE02027835D /* DotLifeShell.swift */,
				0EA538A1FAE276928450EC10 /* HorizontalPagerController.swift */,
				C81D63B22FC45E0306ABA757 /* VerticalPagerController.swift */,
			);
			path = DotLifeShell;
			sourceTree = "<group>";
		};
		B40FCDB18A3B4C3DD1FDDD73 /* InfoPlists */ = {
			isa = PBXGroup;
			children = (
				7EA73C93BE81B460373BAE94 /* DotLifeShell-Info.plist */,
			);
			path = InfoPlists;
			sourceTree = "<group>";
		};
		E5C3703C021A1D3CDAC31495 /* Project */ = {
			isa = PBXGroup;
			children = (
				A0C9C8C98781A992D14FF1DD /* Derived */,
				A134D6276DB0368E94F6FD83 /* Sources */,
			);
			name = Project;
			sourceTree = "<group>";
		};
/* End PBXGroup section */

/* Begin PBXNativeTarget section */
		9FC90218EB16051D1207FD2E /* DotLifeShell */ = {
			isa = PBXNativeTarget;
			buildConfigurationList = FB61159C0144F79C804382D7 /* Build configuration list for PBXNativeTarget "DotLifeShell" */;
			buildPhases = (
				717AF8F12740C6743C73C31A /* Sources */,
				E7F21AA7D628837C84649BD6 /* Resources */,
				731DF04D6DCA98843EF69182 /* Frameworks */,
				47EA812F9D5952E1D491B4B1 /* Embed Frameworks */,
			);
			buildRules = (
			);
			dependencies = (
			);
			name = DotLifeShell;
			packageProductDependencies = (
			);
			productName = DotLifeShell;
			productReference = 07225B260ED5902A1D6988D5 /* DotLifeShell.framework */;
			productType = "com.apple.product-type.framework";
		};
/* End PBXNativeTarget section */

/* Begin PBXProject section */
		A0A541C556EDC0DFBC21DF37 /* Project object */ = {
			isa = PBXProject;
			attributes = {
				BuildIndependentTargetsInParallel = YES;
				LastUpgradeCheck = 9999;
				TargetAttributes = {
				};
			};
			buildConfigurationList = C67EADEF43940380BF33332C /* Build configuration list for PBXProject "DotLifeShell" */;
			compatibilityVersion = "Xcode 14.0";
			developmentRegion = en;
			hasScannedForEncodings = 0;
			knownRegions = (
				Base,
				en,
			);
			mainGroup = 0D88AB743C4C2300DA8FBD1A;
			productRefGroup = A875B9FAF0F1547A03EF21B2 /* Products */;
			projectDirPath = "";
			projectRoot = "";
			targets = (
				9FC90218EB16051D1207FD2E /* DotLifeShell */,
			);
		};
/* End PBXProject section */

/* Begin PBXResourcesBuildPhase section */
		E7F21AA7D628837C84649BD6 /* Resources */ = {
			isa = PBXResourcesBuildPhase;
			buildActionMask = 2147483647;
			files = (
			);
			runOnlyForDeploymentPostprocessing = 0;
		};
/* End PBXResourcesBuildPhase section */

/* Begin PBXSourcesBuildPhase section */
		717AF8F12740C6743C73C31A /* Sources */ = {
			isa = PBXSourcesBuildPhase;
			buildActionMask = 2147483647;
			files = (
				AE949B5DF20CCC9F51818AA6 /* DirectionLock.swift in Sources */,
				3F899E5FCA9D079E77B8CAF9 /* DotLifeShell.swift in Sources */,
				13C0C5E562D017305B522754 /* HorizontalPagerController.swift in Sources */,
				FA6526EAFAAA81F43F2EFFEC /* VerticalPagerController.swift in Sources */,
			);
			runOnlyForDeploymentPostprocessing = 0;
		};
/* End PBXSourcesBuildPhase section */

/* Begin XCBuildConfiguration section */
		2CB5A7AA306709C45F4E1BEF /* Debug */ = {
			isa = XCBuildConfiguration;
			buildSettings = {
				CODE_SIGN_IDENTITY = "";
				"CODE_SIGN_IDENTITY[sdk=macosx*]" = "-";
				CURRENT_PROJECT_VERSION = 1;
				DEFINES_MODULE = YES;
				DERIVE_MACCATALYST_PRODUCT_BUNDLE_IDENTIFIER = YES;
				DYLIB_COMPATIBILITY_VERSION = 1;
				DYLIB_CURRENT_VERSION = 1;
				DYLIB_INSTALL_NAME_BASE = "@rpath";
				INFOPLIST_FILE = "Derived/InfoPlists/DotLifeShell-Info.plist";
				INSTALL_PATH = "$(LOCAL_LIBRARY_DIR)/Frameworks";
				IPHONEOS_DEPLOYMENT_TARGET = 17.0;
				LD_RUNPATH_SEARCH_PATHS = (
					"$(inherited)",
					"@executable_path/Frameworks",
					"@loader_path/Frameworks",
				);
				OTHER_SWIFT_FLAGS = "$(inherited)";
				PRODUCT_BUNDLE_IDENTIFIER = DotLifeShell;
				PRODUCT_NAME = DotLifeShell;
				SDKROOT = iphoneos;
				SKIP_INSTALL = YES;
				SUPPORTS_MACCATALYST = YES;
				SUPPORTS_MAC_DESIGNED_FOR_IPHONE_IPAD = YES;
				SUPPORTS_XR_DESIGNED_FOR_IPHONE_IPAD = YES;
				SWIFT_ACTIVE_COMPILATION_CONDITIONS = (
					"$(inherited)",
					DEBUG,
				);
				SWIFT_COMPILATION_MODE = singlefile;
				SWIFT_OPTIMIZATION_LEVEL = "-Onone";
				SWIFT_VERSION = 5.0;
				TARGETED_DEVICE_FAMILY = "1,2,6";
				VERSIONING_SYSTEM = "apple-generic";
				VERSION_INFO_PREFIX = "";
			};
			name = Debug;
		};
		A0EB196D05D4F850B5E41A31 /* Release */ = {
			isa = XCBuildConfiguration;
			buildSettings = {
				ALWAYS_SEARCH_USER_PATHS = YES;
				CLANG_ANALYZER_LOCALIZABILITY_NONLOCALIZED = YES;
				CLANG_ANALYZER_NONNULL = YES;
				CLANG_ANALYZER_NUMBER_OBJECT_CONVERSION = YES_AGGRESSIVE;
				CLANG_CXX_LANGUAGE_STANDARD = "gnu++14";
				CLANG_CXX_LIBRARY = "libc++";
				CLANG_ENABLE_MODULES = YES;
				CLANG_ENABLE_OBJC_ARC = YES;
				CLANG_ENABLE_OBJC_WEAK = NO;
				CLANG_WARN_BLOCK_CAPTURE_AUTORELEASING = YES;
				CLANG_WARN_BOOL_CONVERSION = YES;
				CLANG_WARN_COMMA = YES;
				CLANG_WARN_CONSTANT_CONVERSION = YES;
				CLANG_WARN_DEPRECATED_OBJC_IMPLEMENTATIONS = YES;
				CLANG_WARN_DIRECT_OBJC_ISA_USAGE = YES_ERROR;
				CLANG_WARN_DOCUMENTATION_COMMENTS = YES;
				CLANG_WARN_EMPTY_BODY = YES;
				CLANG_WARN_ENUM_CONVERSION = YES;
				CLANG_WARN_INFINITE_RECURSION = YES;
				CLANG_WARN_INT_CONVERSION = YES;
				CLANG_WARN_NON_LITERAL_NULL_CONVERSION = YES;
				CLANG_WARN_OBJC_IMPLICIT_RETAIN_SELF = YES;
				CLANG_WARN_OBJC_LITERAL_CONVERSION = YES;
				CLANG_WARN_OBJC_ROOT_CLASS = YES_ERROR;
				CLANG_WARN_QUOTED_INCLUDE_IN_FRAMEWORK_HEADER = NO;
				CLANG_WARN_RANGE_LOOP_ANALYSIS = YES;
				CLANG_WARN_STRICT_PROTOTYPES = YES;
				CLANG_WARN_SUSPICIOUS_MOVE = YES;
				CLANG_WARN_UNGUARDED_AVAILABILITY = YES_AGGRESSIVE;
				CLANG_WARN_UNREACHABLE_CODE = YES;
				CLANG_WARN__DUPLICATE_METHOD_MATCH = YES;
				COPY_PHASE_STRIP = NO;
				DEAD_CODE_STRIPPING = YES;
				DEBUG_INFORMATION_FORMAT = "dwarf-with-dsym";
				ENABLE_NS_ASSERTIONS = NO;
				ENABLE_STRICT_OBJC_MSGSEND = NO;
				FRAMEWORK_SEARCH_PATHS = (
					"$(inherited)",
					"$(PLATFORM_DIR)/Developer/Library/Frameworks",
				);
				GCC_C_LANGUAGE_STANDARD = gnu11;
				GCC_NO_COMMON_BLOCKS = NO;
				GCC_PREPROCESSOR_DEFINITIONS = (
					"$(inherited)",
					"SWIFT_PACKAGE=1",
				);
				GCC_WARN_64_TO_32_BIT_CONVERSION = YES;
				GCC_WARN_ABOUT_RETURN_TYPE = YES_ERROR;
				GCC_WARN_INHIBIT_ALL_WARNINGS = YES;
				GCC_WARN_UNDECLARED_SELECTOR = YES;
				GCC_WARN_UNINITIALIZED_AUTOS = YES_AGGRESSIVE;
				GCC_WARN_UNUSED_FUNCTION = YES;
				GCC_WARN_UNUSED_VARIABLE = YES;
				MTL_ENABLE_DEBUG_INFO = NO;
				OTHER_SWIFT_FLAGS = (
					"$(inherited)",
					"-package-name",
					DotLifeShell,
				);
				PRODUCT_NAME = "$(TARGET_NAME)";
				SWIFT_ACTIVE_COMPILATION_CONDITIONS = (
					"$(inherited)",
					SWIFT_PACKAGE,
				);
				SWIFT_SUPPRESS_WARNINGS = YES;
				USE_HEADERMAP = NO;
				VALIDATE_PRODUCT = YES;
			};
			name = Release;
		};
		EC6179A39D3E7A92B87E7A20 /* Release */ = {
			isa = XCBuildConfiguration;
			buildSettings = {
				CODE_SIGN_IDENTITY = "";
				"CODE_SIGN_IDENTITY[sdk=macosx*]" = "-";
				CURRENT_PROJECT_VERSION = 1;
				DEFINES_MODULE = YES;
				DERIVE_MACCATALYST_PRODUCT_BUNDLE_IDENTIFIER = YES;
				DYLIB_COMPATIBILITY_VERSION = 1;
				DYLIB_CURRENT_VERSION = 1;
				DYLIB_INSTALL_NAME_BASE = "@rpath";
				INFOPLIST_FILE = "Derived/InfoPlists/DotLifeShell-Info.plist";
				INSTALL_PATH = "$(LOCAL_LIBRARY_DIR)/Frameworks";
				IPHONEOS_DEPLOYMENT_TARGET = 17.0;
				LD_RUNPATH_SEARCH_PATHS = (
					"$(inherited)",
					"@executable_path/Frameworks",
					"@loader_path/Frameworks",
				);
				OTHER_SWIFT_FLAGS = "$(inherited)";
				PRODUCT_BUNDLE_IDENTIFIER = DotLifeShell;
				PRODUCT_NAME = DotLifeShell;
				SDKROOT = iphoneos;
				SKIP_INSTALL = YES;
				SUPPORTS_MACCATALYST = YES;
				SUPPORTS_MAC_DESIGNED_FOR_IPHONE_IPAD = YES;
				SUPPORTS_XR_DESIGNED_FOR_IPHONE_IPAD = YES;
				SWIFT_COMPILATION_MODE = wholemodule;
				SWIFT_OPTIMIZATION_LEVEL = "-O";
				SWIFT_VERSION = 5.0;
				TARGETED_DEVICE_FAMILY = "1,2,6";
				VERSIONING_SYSTEM = "apple-generic";
				VERSION_INFO_PREFIX = "";
			};
			name = Release;
		};
		FC4DCF6062842300378852E6 /* Debug */ = {
			isa = XCBuildConfiguration;
			buildSettings = {
				ALWAYS_SEARCH_USER_PATHS = YES;
				CLANG_ANALYZER_LOCALIZABILITY_NONLOCALIZED = YES;
				CLANG_ANALYZER_NONNULL = YES;
				CLANG_ANALYZER_NUMBER_OBJECT_CONVERSION = YES_AGGRESSIVE;
				CLANG_CXX_LANGUAGE_STANDARD = "gnu++14";
				CLANG_CXX_LIBRARY = "libc++";
				CLANG_ENABLE_MODULES = YES;
				CLANG_ENABLE_OBJC_ARC = YES;
				CLANG_ENABLE_OBJC_WEAK = NO;
				CLANG_WARN_BLOCK_CAPTURE_AUTORELEASING = YES;
				CLANG_WARN_BOOL_CONVERSION = YES;
				CLANG_WARN_COMMA = YES;
				CLANG_WARN_CONSTANT_CONVERSION = YES;
				CLANG_WARN_DEPRECATED_OBJC_IMPLEMENTATIONS = YES;
				CLANG_WARN_DIRECT_OBJC_ISA_USAGE = YES_ERROR;
				CLANG_WARN_DOCUMENTATION_COMMENTS = YES;
				CLANG_WARN_EMPTY_BODY = YES;
				CLANG_WARN_ENUM_CONVERSION = YES;
				CLANG_WARN_INFINITE_RECURSION = YES;
				CLANG_WARN_INT_CONVERSION = YES;
				CLANG_WARN_NON_LITERAL_NULL_CONVERSION = YES;
				CLANG_WARN_OBJC_IMPLICIT_RETAIN_SELF = YES;
				CLANG_WARN_OBJC_LITERAL_CONVERSION = YES;
				CLANG_WARN_OBJC_ROOT_CLASS = YES_ERROR;
				CLANG_WARN_QUOTED_INCLUDE_IN_FRAMEWORK_HEADER = NO;
				CLANG_WARN_RANGE_LOOP_ANALYSIS = YES;
				CLANG_WARN_STRICT_PROTOTYPES = YES;
				CLANG_WARN_SUSPICIOUS_MOVE = YES;
				CLANG_WARN_UNGUARDED_AVAILABILITY = YES_AGGRESSIVE;
				CLANG_WARN_UNREACHABLE_CODE = YES;
				CLANG_WARN__DUPLICATE_METHOD_MATCH = YES;
				COPY_PHASE_STRIP = NO;
				DEAD_CODE_STRIPPING = YES;
				DEBUG_INFORMATION_FORMAT = dwarf;
				ENABLE_STRICT_OBJC_MSGSEND = NO;
				ENABLE_TESTABILITY = YES;
				FRAMEWORK_SEARCH_PATHS = (
					"$(inherited)",
					"$(PLATFORM_DIR)/Developer/Library/Frameworks",
				);
				GCC_C_LANGUAGE_STANDARD = gnu11;
				GCC_DYNAMIC_NO_PIC = NO;
				GCC_NO_COMMON_BLOCKS = NO;
				GCC_OPTIMIZATION_LEVEL = 0;
				GCC_PREPROCESSOR_DEFINITIONS = (
					"$(inherited)",
					"DEBUG=1",
					"SWIFT_PACKAGE=1",
				);
				GCC_WARN_64_TO_32_BIT_CONVERSION = YES;
				GCC_WARN_ABOUT_RETURN_TYPE = YES_ERROR;
				GCC_WARN_INHIBIT_ALL_WARNINGS = YES;
				GCC_WARN_UNDECLARED_SELECTOR = YES;
				GCC_WARN_UNINITIALIZED_AUTOS = YES_AGGRESSIVE;
				GCC_WARN_UNUSED_FUNCTION = YES;
				GCC_WARN_UNUSED_VARIABLE = YES;
				MTL_ENABLE_DEBUG_INFO = YES;
				ONLY_ACTIVE_ARCH = YES;
				OTHER_SWIFT_FLAGS = (
					"$(inherited)",
					"-package-name",
					DotLifeShell,
				);
				PRODUCT_NAME = "$(TARGET_NAME)";
				SWIFT_ACTIVE_COMPILATION_CONDITIONS = (
					"$(inherited)",
					SWIFT_PACKAGE,
				);
				SWIFT_SUPPRESS_WARNINGS = YES;
				USE_HEADERMAP = NO;
			};
			name = Debug;
		};
/* End XCBuildConfiguration section */

/* Begin XCConfigurationList section */
		C67EADEF43940380BF33332C /* Build configuration list for PBXProject "DotLifeShell" */ = {
			isa = XCConfigurationList;
			buildConfigurations = (
				FC4DCF6062842300378852E6 /* Debug */,
				A0EB196D05D4F850B5E41A31 /* Release */,
			);
			defaultConfigurationIsVisible = 0;
			defaultConfigurationName = Release;
		};
		FB61159C0144F79C804382D7 /* Build configuration list for PBXNativeTarget "DotLifeShell" */ = {
			isa = XCConfigurationList;
			buildConfigurations = (
				2CB5A7AA306709C45F4E1BEF /* Debug */,
				EC6179A39D3E7A92B87E7A20 /* Release */,
			);
			defaultConfigurationIsVisible = 0;
			defaultConfigurationName = Release;
		};
/* End XCConfigurationList section */
	};
	rootObject = A0A541C556EDC0DFBC21DF37 /* Project object */;
}
